
Microsoft Visual Studio Solution File, Format Version 12.00
# Visual Studio 15
VisualStudioVersion = 15.0.28307.421
MinimumVisualStudioVersion = 10.0.40219.1
Project("{888888A0-9F3D-457C-B088-3A5042F75D52}") = "Neuron", "Neuron.pyproj", "{433C964A-5EB5-44FB-A78D-C99085D5B857}"
EndProject
Global
	GlobalSection(SolutionConfigurationPlatforms) = preSolution
		Debug|Any CPU = Debug|Any CPU
		Release|Any CPU = Release|Any CPU
	EndGlobalSection
	GlobalSection(ProjectConfigurationPlatforms) = postSolution
		{433C964A-5EB5-44FB-A78D-C99085D5B857}.Debug|Any CPU.ActiveCfg = Debug|Any CPU
		{433C964A-5EB5-44FB-A78D-C99085D5B857}.Release|Any CPU.ActiveCfg = Release|Any CPU
	EndGlobalSection
	GlobalSection(SolutionProperties) = preSolution
		HideSolutionNode = FALSE
	EndGlobalSection
	GlobalSection(ExtensibilityGlobals) = postSolution
		SolutionGuid = {311804DE-2E8E-4A90-AF92-34A22746B0A9}
	EndGlobalSection
EndGlobal
