
Microsoft Visual Studio Solution File, Format Version 12.00
# Visual Studio 15
VisualStudioVersion = 15.0.28307.421
MinimumVisualStudioVersion = 10.0.40219.1
Project("{FAE04EC0-301F-11D3-BF4B-00C04F79EFBC}") = "SpamerlyUI", "Specsy\SpamerlyUI.csproj", "{95067DEC-DE1B-4157-AFAD-2B600A2C2453}"
EndProject
Project("{888888A0-9F3D-457C-B088-3A5042F75D52}") = "SpamerlyAPI", "SpamerlyAPI\SpamerlyAPI.pyproj", "{2F3A586A-FEC7-4232-98B2-3EA82FA5C286}"
EndProject
Global
	GlobalSection(SolutionConfigurationPlatforms) = preSolution
		Debug|Any CPU = Debug|Any CPU
		Release|Any CPU = Release|Any CPU
	EndGlobalSection
	GlobalSection(ProjectConfigurationPlatforms) = postSolution
		{95067DEC-DE1B-4157-AFAD-2B600A2C2453}.Debug|Any CPU.ActiveCfg = Debug|Any CPU
		{95067DEC-DE1B-4157-AFAD-2B600A2C2453}.Debug|Any CPU.Build.0 = Debug|Any CPU
		{95067DEC-DE1B-4157-AFAD-2B600A2C2453}.Release|Any CPU.ActiveCfg = Release|Any CPU
		{95067DEC-DE1B-4157-AFAD-2B600A2C2453}.Release|Any CPU.Build.0 = Release|Any CPU
		{2F3A586A-FEC7-4232-98B2-3EA82FA5C286}.Debug|Any CPU.ActiveCfg = Debug|Any CPU
		{2F3A586A-FEC7-4232-98B2-3EA82FA5C286}.Debug|Any CPU.Build.0 = Debug|Any CPU
		{2F3A586A-FEC7-4232-98B2-3EA82FA5C286}.Release|Any CPU.ActiveCfg = Release|Any CPU
		{2F3A586A-FEC7-4232-98B2-3EA82FA5C286}.Release|Any CPU.Build.0 = Release|Any CPU
	EndGlobalSection
	GlobalSection(SolutionProperties) = preSolution
		HideSolutionNode = FALSE
	EndGlobalSection
	GlobalSection(ExtensibilityGlobals) = postSolution
		SolutionGuid = {EBEFDEFC-8F14-4B37-BDF8-2A1D7D4B8FAE}
	EndGlobalSection
EndGlobal
